
Microsoft Visual Studio Solution File, Format Version 12.00
# Visual Studio 15
VisualStudioVersion = 15.0.28307.421
MinimumVisualStudioVersion = 10.0.40219.1
Project("{FAE04EC0-301F-11D3-BF4B-00C04F79EFBC}") = "6", "6.csproj", "{98F6A71A-A4EE-4006-9D59-C6B0D0FD9544}"
EndProject
Global
	GlobalSection(SolutionConfigurationPlatforms) = preSolution
		Debug|x86 = Debug|x86
		Release|x86 = Release|x86
	EndGlobalSection
	GlobalSection(ProjectConfigurationPlatforms) = postSolution
		{98F6A71A-A4EE-4006-9D59-C6B0D0FD9544}.Debug|x86.ActiveCfg = Debug|x86
		{98F6A71A-A4EE-4006-9D59-C6B0D0FD9544}.Debug|x86.Build.0 = Debug|x86
		{98F6A71A-A4EE-4006-9D59-C6B0D0FD9544}.Release|x86.ActiveCfg = Release|x86
		{98F6A71A-A4EE-4006-9D59-C6B0D0FD9544}.Release|x86.Build.0 = Release|x86
	EndGlobalSection
	GlobalSection(SolutionProperties) = preSolution
		HideSolutionNode = FALSE
	EndGlobalSection
	GlobalSection(ExtensibilityGlobals) = postSolution
		SolutionGuid = {372415F5-FB79-49AB-89B8-2546DCBA0B80}
	EndGlobalSection
EndGlobal
